
Microsoft Visual Studio Solution File, Format Version 12.00
# Visual Studio Version 17
VisualStudioVersion = 17.0.31903.59
MinimumVisualStudioVersion = 10.0.40219.1
Project("{2150E333-8FDC-42A3-9474-1A3956D46DE8}") = "src", "src", "{E67BB7C8-0422-41CA-BCD2-A4AAEAEFEA1E}"
EndProject
Project("{2150E333-8FDC-42A3-9474-1A3956D46DE8}") = "Shared", "Shared", "{1B4075CF-3ED3-46EC-A89A-AF5143DB20D5}"
EndProject
Project("{FAE04EC0-301F-11D3-BF4B-00C04F79EFBC}") = "Unite.Shared", "src\Shared\Unite.Shared\Unite.Shared.csproj", "{797B203C-BC87-4D1B-B946-0C38C8EDF3BB}"
EndProject
Project("{FAE04EC0-301F-11D3-BF4B-00C04F79EFBC}") = "Unite.ServiceDefaults", "src\Shared\Unite.ServiceDefaults\Unite.ServiceDefaults.csproj", "{A655950B-2DB6-4E75-8809-992F158B5EFC}"
EndProject
Project("{2150E333-8FDC-42A3-9474-1A3956D46DE8}") = "Services", "Services", "{01B5A1BF-D917-411C-8B32-7B19DF3E7847}"
EndProject
Project("{FAE04EC0-301F-11D3-BF4B-00C04F79EFBC}") = "Unite.Orders.Service", "src\Services\Unite.Orders.Service\Unite.Orders.Service.csproj", "{FAAB49B3-DD74-4289-A06F-651B3C52BF49}"
EndProject
Project("{FAE04EC0-301F-11D3-BF4B-00C04F79EFBC}") = "Unite.Inventory.Service", "src\Services\Unite.Inventory.Service\Unite.Inventory.Service.csproj", "{1DB440B6-7889-4E4F-B4F5-821C718365F7}"
EndProject
Project("{2150E333-8FDC-42A3-9474-1A3956D46DE8}") = "Telemetry", "Telemetry", "{D3A0A2B6-C4B1-407B-8188-7F040278F0A9}"
EndProject
Project("{FAE04EC0-301F-11D3-BF4B-00C04F79EFBC}") = "Unite.Telemetry.Service", "src\Telemetry\Unite.Telemetry.Service\Unite.Telemetry.Service.csproj", "{F13123DB-A41C-4CA9-91E4-7D9976DB194D}"
EndProject
Project("{2150E333-8FDC-42A3-9474-1A3956D46DE8}") = "Gateway", "Gateway", "{9DAA932F-A240-437F-8C24-03EE9E89342C}"
EndProject
Project("{FAE04EC0-301F-11D3-BF4B-00C04F79EFBC}") = "Unite.ApiGateway", "src\Gateway\Unite.ApiGateway\Unite.ApiGateway.csproj", "{61983C37-4380-4D82-84F4-D41306A29064}"
EndProject
Project("{2150E333-8FDC-42A3-9474-1A3956D46DE8}") = "Dashboard", "Dashboard", "{7D9DDD01-2F81-41E5-B7FE-03E835B65B46}"
EndProject
Project("{FAE04EC0-301F-11D3-BF4B-00C04F79EFBC}") = "Unite.Dashboard", "src\Dashboard\Unite.Dashboard\Unite.Dashboard.csproj", "{E74BFEE9-E433-40F9-92A8-B2B742E405CF}"
EndProject
Project("{2150E333-8FDC-42A3-9474-1A3956D46DE8}") = "tests", "tests", "{C1BFB08D-CD0C-4F21-B6F5-18FDB7955776}"
EndProject
Project("{FAE04EC0-301F-11D3-BF4B-00C04F79EFBC}") = "Unite.Shared.Tests", "tests\Unite.Shared.Tests\Unite.Shared.Tests.csproj", "{C5DAB5E2-61D1-466A-9E7B-AC2FDAA0C8AD}"
EndProject
Global
	GlobalSection(SolutionConfigurationPlatforms) = preSolution
		Debug|Any CPU = Debug|Any CPU
		Release|Any CPU = Release|Any CPU
	EndGlobalSection
	GlobalSection(SolutionProperties) = preSolution
		HideSolutionNode = FALSE
	EndGlobalSection
	GlobalSection(ProjectConfigurationPlatforms) = postSolution
		{797B203C-BC87-4D1B-B946-0C38C8EDF3BB}.Debug|Any CPU.ActiveCfg = Debug|Any CPU
		{797B203C-BC87-4D1B-B946-0C38C8EDF3BB}.Debug|Any CPU.Build.0 = Debug|Any CPU
		{797B203C-BC87-4D1B-B946-0C38C8EDF3BB}.Release|Any CPU.ActiveCfg = Release|Any CPU
		{797B203C-BC87-4D1B-B946-0C38C8EDF3BB}.Release|Any CPU.Build.0 = Release|Any CPU
		{A655950B-2DB6-4E75-8809-992F158B5EFC}.Debug|Any CPU.ActiveCfg = Debug|Any CPU
		{A655950B-2DB6-4E75-8809-992F158B5EFC}.Debug|Any CPU.Build.0 = Debug|Any CPU
		{A655950B-2DB6-4E75-8809-992F158B5EFC}.Release|Any CPU.ActiveCfg = Release|Any CPU
		{A655950B-2DB6-4E75-8809-992F158B5EFC}.Release|Any CPU.Build.0 = Release|Any CPU
		{FAAB49B3-DD74-4289-A06F-651B3C52BF49}.Debug|Any CPU.ActiveCfg = Debug|Any CPU
		{FAAB49B3-DD74-4289-A06F-651B3C52BF49}.Debug|Any CPU.Build.0 = Debug|Any CPU
		{FAAB49B3-DD74-4289-A06F-651B3C52BF49}.Release|Any CPU.ActiveCfg = Release|Any CPU
		{FAAB49B3-DD74-4289-A06F-651B3C52BF49}.Release|Any CPU.Build.0 = Release|Any CPU
		{1DB440B6-7889-4E4F-B4F5-821C718365F7}.Debug|Any CPU.ActiveCfg = Debug|Any CPU
		{1DB440B6-7889-4E4F-B4F5-821C718365F7}.Debug|Any CPU.Build.0 = Debug|Any CPU
		{1DB440B6-7889-4E4F-B4F5-821C718365F7}.Release|Any CPU.ActiveCfg = Release|Any CPU
		{1DB440B6-7889-4E4F-B4F5-821C718365F7}.Release|Any CPU.Build.0 = Release|Any CPU
		{F13123DB-A41C-4CA9-91E4-7D9976DB194D}.Debug|Any CPU.ActiveCfg = Debug|Any CPU
		{F13123DB-A41C-4CA9-91E4-7D9976DB194D}.Debug|Any CPU.Build.0 = Debug|Any CPU
		{F13123DB-A41C-4CA9-91E4-7D9976DB194D}.Release|Any CPU.ActiveCfg = Release|Any CPU
		{F13123DB-A41C-4CA9-91E4-7D9976DB194D}.Release|Any CPU.Build.0 = Release|Any CPU
		{61983C37-4380-4D82-84F4-D41306A29064}.Debug|Any CPU.ActiveCfg = Debug|Any CPU
		{61983C37-4380-4D82-84F4-D41306A29064}.Debug|Any CPU.Build.0 = Debug|Any CPU
		{61983C37-4380-4D82-84F4-D41306A29064}.Release|Any CPU.ActiveCfg = Release|Any CPU
		{61983C37-4380-4D82-84F4-D41306A29064}.Release|Any CPU.Build.0 = Release|Any CPU
		{E74BFEE9-E433-40F9-92A8-B2B742E405CF}.Debug|Any CPU.ActiveCfg = Debug|Any CPU
		{E74BFEE9-E433-40F9-92A8-B2B742E405CF}.Debug|Any CPU.Build.0 = Debug|Any CPU
		{E74BFEE9-E433-40F9-92A8-B2B742E405CF}.Release|Any CPU.ActiveCfg = Release|Any CPU
		{E74BFEE9-E433-40F9-92A8-B2B742E405CF}.Release|Any CPU.Build.0 = Release|Any CPU
		{C5DAB5E2-61D1-466A-9E7B-AC2FDAA0C8AD}.Debug|Any CPU.ActiveCfg = Debug|Any CPU
		{C5DAB5E2-61D1-466A-9E7B-AC2FDAA0C8AD}.Debug|Any CPU.Build.0 = Debug|Any CPU
		{C5DAB5E2-61D1-466A-9E7B-AC2FDAA0C8AD}.Release|Any CPU.ActiveCfg = Release|Any CPU
		{C5DAB5E2-61D1-466A-9E7B-AC2FDAA0C8AD}.Release|Any CPU.Build.0 = Release|Any CPU
	EndGlobalSection
	GlobalSection(NestedProjects) = preSolution
		{1B4075CF-3ED3-46EC-A89A-AF5143DB20D5} = {E67BB7C8-0422-41CA-BCD2-A4AAEAEFEA1E}
		{797B203C-BC87-4D1B-B946-0C38C8EDF3BB} = {1B4075CF-3ED3-46EC-A89A-AF5143DB20D5}
		{A655950B-2DB6-4E75-8809-992F158B5EFC} = {1B4075CF-3ED3-46EC-A89A-AF5143DB20D5}
		{01B5A1BF-D917-411C-8B32-7B19DF3E7847} = {E67BB7C8-0422-41CA-BCD2-A4AAEAEFEA1E}
		{FAAB49B3-DD74-4289-A06F-651B3C52BF49} = {01B5A1BF-D917-411C-8B32-7B19DF3E7847}
		{1DB440B6-7889-4E4F-B4F5-821C718365F7} = {01B5A1BF-D917-411C-8B32-7B19DF3E7847}
		{D3A0A2B6-C4B1-407B-8188-7F040278F0A9} = {E67BB7C8-0422-41CA-BCD2-A4AAEAEFEA1E}
		{F13123DB-A41C-4CA9-91E4-7D9976DB194D} = {D3A0A2B6-C4B1-407B-8188-7F040278F0A9}
		{9DAA932F-A240-437F-8C24-03EE9E89342C} = {E67BB7C8-0422-41CA-BCD2-A4AAEAEFEA1E}
		{61983C37-4380-4D82-84F4-D41306A29064} = {9DAA932F-A240-437F-8C24-03EE9E89342C}
		{7D9DDD01-2F81-41E5-B7FE-03E835B65B46} = {E67BB7C8-0422-41CA-BCD2-A4AAEAEFEA1E}
		{E74BFEE9-E433-40F9-92A8-B2B742E405CF} = {7D9DDD01-2F81-41E5-B7FE-03E835B65B46}
		{C5DAB5E2-61D1-466A-9E7B-AC2FDAA0C8AD} = {C1BFB08D-CD0C-4F21-B6F5-18FDB7955776}
	EndGlobalSection
EndGlobal
